
Microsoft Visual Studio Solution File, Format Version 12.00
# Visual Studio Version 17
VisualStudioVersion = 17.3.32922.545
MinimumVisualStudioVersion = 10.0.40219.1
Project("{FAE04EC0-301F-11D3-BF4B-00C04F79EFBC}") = "qltaikhoan", "qltaikhoan\qltaikhoan.csproj", "{CBC0F57F-F8FB-4D4C-9C16-CFA94BD356AD}"
EndProject
Global
	GlobalSection(SolutionConfigurationPlatforms) = preSolution
		Debug|Any CPU = Debug|Any CPU
		Release|Any CPU = Release|Any CPU
	EndGlobalSection
	GlobalSection(ProjectConfigurationPlatforms) = postSolution
		{CBC0F57F-F8FB-4D4C-9C16-CFA94BD356AD}.Debug|Any CPU.ActiveCfg = Debug|Any CPU
		{CBC0F57F-F8FB-4D4C-9C16-CFA94BD356AD}.Debug|Any CPU.Build.0 = Debug|Any CPU
		{CBC0F57F-F8FB-4D4C-9C16-CFA94BD356AD}.Release|Any CPU.ActiveCfg = Release|Any CPU
		{CBC0F57F-F8FB-4D4C-9C16-CFA94BD356AD}.Release|Any CPU.Build.0 = Release|Any CPU
	EndGlobalSection
	GlobalSection(SolutionProperties) = preSolution
		HideSolutionNode = FALSE
	EndGlobalSection
	GlobalSection(ExtensibilityGlobals) = postSolution
		SolutionGuid = {8D545622-A4CB-4861-94AE-A5BDDC8D966D}
	EndGlobalSection
EndGlobal
