
Microsoft Visual Studio Solution File, Format Version 12.00
# Visual Studio Version 17
VisualStudioVersion = 17.3.32819.101
MinimumVisualStudioVersion = 10.0.40219.1
Project("{FAE04EC0-301F-11D3-BF4B-00C04F79EFBC}") = "HOTELMANAGER", "HOTELMANAGER\HOTELMANAGER.csproj", "{F7EA7525-C936-4C83-9E17-125F8D6200DC}"
EndProject
Global
	GlobalSection(SolutionConfigurationPlatforms) = preSolution
		Debug|Any CPU = Debug|Any CPU
		Release|Any CPU = Release|Any CPU
	EndGlobalSection
	GlobalSection(ProjectConfigurationPlatforms) = postSolution
		{F7EA7525-C936-4C83-9E17-125F8D6200DC}.Debug|Any CPU.ActiveCfg = Debug|Any CPU
		{F7EA7525-C936-4C83-9E17-125F8D6200DC}.Debug|Any CPU.Build.0 = Debug|Any CPU
		{F7EA7525-C936-4C83-9E17-125F8D6200DC}.Release|Any CPU.ActiveCfg = Release|Any CPU
		{F7EA7525-C936-4C83-9E17-125F8D6200DC}.Release|Any CPU.Build.0 = Release|Any CPU
	EndGlobalSection
	GlobalSection(SolutionProperties) = preSolution
		HideSolutionNode = FALSE
	EndGlobalSection
	GlobalSection(ExtensibilityGlobals) = postSolution
		SolutionGuid = {BD1C4F20-8E9D-4745-936D-A7F723C1C1FE}
	EndGlobalSection
EndGlobal
